{
  "name": "propulsion-reading-room",
  "version": "0.1.0",
  "lockfileVersion": 3,
  "requires": true,
  "packages": {
    "": {
      "name": "propulsion-reading-room",
      "version": "0.1.0",
      "dependencies": {
        "dompurify": "3.4.15",
        "katex": "0.18.7",
        "marked": "18.0.11",
        "pdfjs-dist": "6.3.289"
      }
    },
    "node_modules/@napi-rs/canvas": {
      "version": "1.0.8",
      "resolved": "https://registry.npmjs.org/@napi-rs/canvas/-/canvas-1.0.8.tgz",
      "integrity": "sha512-/SaLcvlqGWdm0HSCWMgHu7cjJiQXfP8/mOY+6dUyV9flQz7sPBBZ+ed2zYtoukojPmxOaL7bm+d/G4GeWWoN7g==",
      "license": "MIT",
      "optional": true,
      "workspaces": [
        "e2e/*"
      ],
      "engines": {
        "node": ">= 10"
      },
      "funding": {
        "type": "github",
        "url": "https://github.com/sponsors/Brooooooklyn"
      },
      "optionalDependencies": {
        "@napi-rs/canvas-android-arm64": "1.0.8",
        "@napi-rs/canvas-darwin-arm64": "1.0.8",
        "@napi-rs/canvas-darwin-x64": "1.0.8",
        "@napi-rs/canvas-linux-arm-gnueabihf": "1.0.8",
        "@napi-rs/canvas-linux-arm64-gnu": "1.0.8",
        "@napi-rs/canvas-linux-arm64-musl": "1.0.8",
        "@napi-rs/canvas-linux-riscv64-gnu": "1.0.8",
        "@napi-rs/canvas-linux-x64-gnu": "1.0.8",
        "@napi-rs/canvas-linux-x64-musl": "1.0.8",
        "@napi-rs/canvas-win32-arm64-msvc": "1.0.8",
        "@napi-rs/canvas-win32-x64-msvc": "1.0.8"
      }
    },
    "node_modules/@napi-rs/canvas-android-arm64": {
      "version": "1.0.8",
      "resolved": "https://registry.npmjs.org/@napi-rs/canvas-android-arm64/-/canvas-android-arm64-1.0.8.tgz",
      "integrity": "sha512-5+nkh8i3gt6lqS/d2jTZ1xAn6tdgtB4Lf1mW6T0Qm5/rXNwBuV1sAEyLEWan5o9gJPU/GuvHR3rvSeZ+FaGrbw==",
      "cpu": [
        "arm64"
      ],
      "license": "MIT",
      "optional": true,
      "os": [
        "android"
      ],
      "engines": {
        "node": ">= 10"
      },
      "funding": {
        "type": "github",
        "url": "https://github.com/sponsors/Brooooooklyn"
      }
    },
    "node_modules/@napi-rs/canvas-darwin-arm64": {
      "version": "1.0.8",
      "resolved": "https://registry.npmjs.org/@napi-rs/canvas-darwin-arm64/-/canvas-darwin-arm64-1.0.8.tgz",
      "integrity": "sha512-7jQ47gi+fZ7KJmfc/5rNyy1CYw/cu4kZ0KPIYbo9UUgSdW0bKQJpt+WihEor6s4Lyp7+xc3a+3HeyXmAEbbnPg==",
      "cpu": [
        "arm64"
      ],
      "license": "MIT",
      "optional": true,
      "os": [
        "darwin"
      ],
      "engines": {
        "node": ">= 10"
      },
      "funding": {
        "type": "github",
        "url": "https://github.com/sponsors/Brooooooklyn"
      }
    },
    "node_modules/@napi-rs/canvas-darwin-x64": {
      "version": "1.0.8",
      "resolved": "https://registry.npmjs.org/@napi-rs/canvas-darwin-x64/-/canvas-darwin-x64-1.0.8.tgz",
      "integrity": "sha512-rRjDMZs9pIRKGxgijwezplKc1RnJsqUokrA9h88bbTkqQ+7ePj0ZN4ZnZDy8Vu0tXs7KRlI2tQLaK4mx9QlxHg==",
      "cpu": [
        "x64"
      ],
      "license": "MIT",
      "optional": true,
      "os": [
        "darwin"
      ],
      "engines": {
        "node": ">= 10"
      },
      "funding": {
        "type": "github",
        "url": "https://github.com/sponsors/Brooooooklyn"
      }
    },
    "node_modules/@napi-rs/canvas-linux-arm-gnueabihf": {
      "version": "1.0.8",
      "resolved": "https://registry.npmjs.org/@napi-rs/canvas-linux-arm-gnueabihf/-/canvas-linux-arm-gnueabihf-1.0.8.tgz",
      "integrity": "sha512-jGcCd+8ra6Q61xKqZeiItujTpp9a9eRLcQ0jW6qYNku+WpupqOPFPY0SrsuSnXFviJwkpKYT9p7QrB4lsf3LNQ==",
      "cpu": [
        "arm"
      ],
      "license": "MIT",
      "optional": true,
      "os": [
        "linux"
      ],
      "engines": {
        "node": ">= 10"
      },
      "funding": {
        "type": "github",
        "url": "https://github.com/sponsors/Brooooooklyn"
      }
    },
    "node_modules/@napi-rs/canvas-linux-arm64-gnu": {
      "version": "1.0.8",
      "resolved": "https://registry.npmjs.org/@napi-rs/canvas-linux-arm64-gnu/-/canvas-linux-arm64-gnu-1.0.8.tgz",
      "integrity": "sha512-od6I2Y7kU7i1SwZYG2EKW8rWz6JiedtPpko4WEe1DDsiikrfaotVBCRaUTM5/yeZKaZ92EatoAS+5xG+6uJlYA==",
      "cpu": [
        "arm64"
      ],
      "libc": [
        "glibc"
      ],
      "license": "MIT",
      "optional": true,
      "os": [
        "linux"
      ],
      "engines": {
        "node": ">= 10"
      },
      "funding": {
        "type": "github",
        "url": "https://github.com/sponsors/Brooooooklyn"
      }
    },
    "node_modules/@napi-rs/canvas-linux-arm64-musl": {
      "version": "1.0.8",
      "resolved": "https://registry.npmjs.org/@napi-rs/canvas-linux-arm64-musl/-/canvas-linux-arm64-musl-1.0.8.tgz",
      "integrity": "sha512-yYkPbJDJiWj6N0gASA3CAvRypZmVpJnxU0DQg3aBhneLDQde9TPLKADsQkobNoJUtTT/lj46aWpzT48PDb3Qcg==",
      "cpu": [
        "arm64"
      ],
      "libc": [
        "musl"
      ],
      "license": "MIT",
      "optional": true,
      "os": [
        "linux"
      ],
      "engines": {
        "node": ">= 10"
      },
      "funding": {
        "type": "github",
        "url": "https://github.com/sponsors/Brooooooklyn"
      }
    },
    "node_modules/@napi-rs/canvas-linux-riscv64-gnu": {
      "version": "1.0.8",
      "resolved": "https://registry.npmjs.org/@napi-rs/canvas-linux-riscv64-gnu/-/canvas-linux-riscv64-gnu-1.0.8.tgz",
      "integrity": "sha512-PB00MSKAp4VwK/xwe6duKxRKmH8UH4GIl1pqHSbxng0jnU9Dr7FwaDypDiqwNFZ774N+8G7mJLGuLtg9NTcQsg==",
      "cpu": [
        "riscv64"
      ],
      "libc": [
        "glibc"
      ],
      "license": "MIT",
      "optional": true,
      "os": [
        "linux"
      ],
      "engines": {
        "node": ">= 10"
      },
      "funding": {
        "type": "github",
        "url": "https://github.com/sponsors/Brooooooklyn"
      }
    },
    "node_modules/@napi-rs/canvas-linux-x64-gnu": {
      "version": "1.0.8",
      "resolved": "https://registry.npmjs.org/@napi-rs/canvas-linux-x64-gnu/-/canvas-linux-x64-gnu-1.0.8.tgz",
      "integrity": "sha512-TWM2XWJoitLiIPCvgJh7SriC+L/T9qkYCVzC66AidsZy0QP1hkKzBzVwshCdcA3q6fIn3yE0ISbq4lMJSy8jFw==",
      "cpu": [
        "x64"
      ],
      "libc": [
        "glibc"
      ],
      "license": "MIT",
      "optional": true,
      "os": [
        "linux"
      ],
      "engines": {
        "node": ">= 10"
      },
      "funding": {
        "type": "github",
        "url": "https://github.com/sponsors/Brooooooklyn"
      }
    },
    "node_modules/@napi-rs/canvas-linux-x64-musl": {
      "version": "1.0.8",
      "resolved": "https://registry.npmjs.org/@napi-rs/canvas-linux-x64-musl/-/canvas-linux-x64-musl-1.0.8.tgz",
      "integrity": "sha512-hb20MxKXXb5IB7AAwN8UHz9WRsa2HmdZfjsDCzjElwJoeV1aotVEwFU4FrFQcYQVzsJQLeaCc/2Qdt/0Q72mMg==",
      "cpu": [
        "x64"
      ],
      "libc": [
        "musl"
      ],
      "license": "MIT",
      "optional": true,
      "os": [
        "linux"
      ],
      "engines": {
        "node": ">= 10"
      },
      "funding": {
        "type": "github",
        "url": "https://github.com/sponsors/Brooooooklyn"
      }
    },
    "node_modules/@napi-rs/canvas-win32-arm64-msvc": {
      "version": "1.0.8",
      "resolved": "https://registry.npmjs.org/@napi-rs/canvas-win32-arm64-msvc/-/canvas-win32-arm64-msvc-1.0.8.tgz",
      "integrity": "sha512-WwPN08IXE4SkL+FhJyPz/iFnycMAUkbphFIT4cmKLlvbSU0Zfn1R7BGJ3Hqky1S89QUYc0Q4IOScXb/42Re9wQ==",
      "cpu": [
        "arm64"
      ],
      "license": "MIT",
      "optional": true,
      "os": [
        "win32"
      ],
      "engines": {
        "node": ">= 10"
      },
      "funding": {
        "type": "github",
        "url": "https://github.com/sponsors/Brooooooklyn"
      }
    },
    "node_modules/@napi-rs/canvas-win32-x64-msvc": {
      "version": "1.0.8",
      "resolved": "https://registry.npmjs.org/@napi-rs/canvas-win32-x64-msvc/-/canvas-win32-x64-msvc-1.0.8.tgz",
      "integrity": "sha512-XkrVqKb+pxyba7kjy2LJvABFVBTE0DNpEl7MrG4OYUmaWarrXH+t54z/Czj2YxCKtizYTV4mg6phNm3x24qjhQ==",
      "cpu": [
        "x64"
      ],
      "license": "MIT",
      "optional": true,
      "os": [
        "win32"
      ],
      "engines": {
        "node": ">= 10"
      },
      "funding": {
        "type": "github",
        "url": "https://github.com/sponsors/Brooooooklyn"
      }
    },
    "node_modules/@types/trusted-types": {
      "version": "2.0.7",
      "resolved": "https://registry.npmjs.org/@types/trusted-types/-/trusted-types-2.0.7.tgz",
      "integrity": "sha512-ScaPdn1dQczgbl0QFTeTOmVHFULt394XJgOQNoyVhZ6r2vLnMLJfBPd53SB52T/3G36VI1/g2MZaX0cwDuXsfw==",
      "license": "MIT",
      "optional": true
    },
    "node_modules/commander": {
      "version": "15.0.0",
      "resolved": "https://registry.npmjs.org/commander/-/commander-15.0.0.tgz",
      "integrity": "sha512-z67u4ZhzCL/Tydu1lJARtEZYWbWaN7oYLHbsuzocr6y4N6WZAagG3RQ4FW61V1/0+jImpj293XfrcYnd1qxtPg==",
      "license": "MIT",
      "engines": {
        "node": ">=22.12.0"
      }
    },
    "node_modules/dompurify": {
      "version": "3.4.15",
      "resolved": "https://registry.npmjs.org/dompurify/-/dompurify-3.4.15.tgz",
      "integrity": "sha512-EUBjM+B+lkDE41iE82DDSCfkoPGfXx8IxFxPMjNzm/Uk4xDet77rTN9wqlxlVg71kK7XGuUMv6wUxJUwwv+Xyw==",
      "license": "(MPL-2.0 OR Apache-2.0)",
      "optionalDependencies": {
        "@types/trusted-types": "^2.0.7"
      }
    },
    "node_modules/katex": {
      "version": "0.18.7",
      "resolved": "https://registry.npmjs.org/katex/-/katex-0.18.7.tgz",
      "integrity": "sha512-h+UCwkZ+4Jz8WQ7MLGfj7UVFrRCizGb912fwF4luGdYsC5paYG1vx+jy+KRcC/XkpjGva/P7nAWuxNnPzRvzHw==",
      "funding": [
        "https://opencollective.com/katex",
        "https://github.com/sponsors/katex"
      ],
      "license": "MIT",
      "dependencies": {
        "commander": "^15.0.0"
      },
      "bin": {
        "katex": "cli.js"
      }
    },
    "node_modules/marked": {
      "version": "18.0.11",
      "resolved": "https://registry.npmjs.org/marked/-/marked-18.0.11.tgz",
      "integrity": "sha512-HnslJfsZkRPBDJRHvVtAaWlZHEpSu7u8LgQuJCELjRKuWR+hpq4A7sLq3p8HaI9ypVoXDXxV34CsQJEe1+J5Aw==",
      "license": "MIT",
      "bin": {
        "marked": "bin/marked.js"
      },
      "engines": {
        "node": ">= 20"
      }
    },
    "node_modules/pdfjs-dist": {
      "version": "6.3.289",
      "resolved": "https://registry.npmjs.org/pdfjs-dist/-/pdfjs-dist-6.3.289.tgz",
      "integrity": "sha512-ZHjSVpDa3D6izMq8/04lvkhkATUmL9px6ChPaXc1k6nU2Mrhlg1/7F0bdUqCwUjw3NsPTfPZsMDUU6ZIcRaeQw==",
      "license": "Apache-2.0",
      "engines": {
        "node": ">=22.13.0 || >=24"
      },
      "optionalDependencies": {
        "@napi-rs/canvas": "^1.0.0"
      }
    }
  }
}
